
Microsoft Visual Studio Solution File, Format Version 12.00
# Visual Studio Version 16
VisualStudioVersion = 16.0.29709.97
MinimumVisualStudioVersion = 10.0.40219.1
Project("{FAE04EC0-301F-11D3-BF4B-00C04F79EFBC}") = "QTrkDotNet", "QTrkDotNet\QTrkDotNet.csproj", "{5985409E-2C7B-4666-A014-17CC9DA53E2C}"
EndProject
Project("{FAE04EC0-301F-11D3-BF4B-00C04F79EFBC}") = "QTrkExample", "QTrkDotNet\QTrkExample\QTrkExample.csproj", "{CD41404C-A959-4E10-ABB8-6615B1C73295}"
EndProject
Project("{FAE04EC0-301F-11D3-BF4B-00C04F79EFBC}") = "NanoBLOC", "OfflineTracker\NanoBLOC.csproj", "{406734E4-B4D2-4563-BE76-ADD4C1E5B35C}"
EndProject
Project("{FAE04EC0-301F-11D3-BF4B-00C04F79EFBC}") = "RTTracker", "RTTracker\RTTracker.csproj", "{280154B7-1C6C-4657-8532-AEF86490ACE5}"
EndProject
Project("{FAE04EC0-301F-11D3-BF4B-00C04F79EFBC}") = "TrackerInterfaceUtils", "QTrkDotNet\BeadSelectorDlg\TrackerInterfaceUtils.csproj", "{43C8D103-2C05-4458-B6AA-C5EC5726968B}"
EndProject
Project("{8BC9CEB8-8B4A-11D0-8D11-00A0C91BC942}") = "cputrack-test", "cputrack-test\cputrack-test.vcxproj", "{A3EDBB02-24F8-4010-BE57-91A55A2F5981}"
EndProject
Project("{8BC9CEB8-8B4A-11D0-8D11-00A0C91BC942}") = "cudatrack", "cudatrack\cudatrack.vcxproj", "{ABB7D1D8-B6AD-4225-B2BB-345F1794BA88}"
EndProject
Project("{8BC9CEB8-8B4A-11D0-8D11-00A0C91BC942}") = "cputrack", "cputrack\cputrack.vcxproj", "{45C33103-37A7-4816-9D52-6D9B57EB1575}"
EndProject
Project("{8BC9CEB8-8B4A-11D0-8D11-00A0C91BC942}") = "cudatrack-test", "cudatrack-test\cudatrack-test.vcxproj", "{BEC9EC33-3C02-4F31-BDA6-B8068A215AA9}"
	ProjectSection(ProjectDependencies) = postProject
		{ABB7D1D8-B6AD-4225-B2BB-345F1794BA88} = {ABB7D1D8-B6AD-4225-B2BB-345F1794BA88}
	EndProjectSection
EndProject
Global
	GlobalSection(SolutionConfigurationPlatforms) = preSolution
		Debug|Any CPU = Debug|Any CPU
		Debug|Mixed Platforms = Debug|Mixed Platforms
		Debug|Win32 = Debug|Win32
		Debug|x64 = Debug|x64
		Debug-Single|Any CPU = Debug-Single|Any CPU
		Debug-Single|Mixed Platforms = Debug-Single|Mixed Platforms
		Debug-Single|Win32 = Debug-Single|Win32
		Debug-Single|x64 = Debug-Single|x64
		Release|Any CPU = Release|Any CPU
		Release|Mixed Platforms = Release|Mixed Platforms
		Release|Win32 = Release|Win32
		Release|x64 = Release|x64
		Release-Single|Any CPU = Release-Single|Any CPU
		Release-Single|Mixed Platforms = Release-Single|Mixed Platforms
		Release-Single|Win32 = Release-Single|Win32
		Release-Single|x64 = Release-Single|x64
	EndGlobalSection
	GlobalSection(ProjectConfigurationPlatforms) = postSolution
		{5985409E-2C7B-4666-A014-17CC9DA53E2C}.Debug|Any CPU.ActiveCfg = Debug|Any CPU
		{5985409E-2C7B-4666-A014-17CC9DA53E2C}.Debug|Any CPU.Build.0 = Debug|Any CPU
		{5985409E-2C7B-4666-A014-17CC9DA53E2C}.Debug|Mixed Platforms.ActiveCfg = Debug|Any CPU
		{5985409E-2C7B-4666-A014-17CC9DA53E2C}.Debug|Mixed Platforms.Build.0 = Debug|Any CPU
		{5985409E-2C7B-4666-A014-17CC9DA53E2C}.Debug|Win32.ActiveCfg = Debug|Any CPU
		{5985409E-2C7B-4666-A014-17CC9DA53E2C}.Debug|x64.ActiveCfg = Debug|x64
		{5985409E-2C7B-4666-A014-17CC9DA53E2C}.Debug-Single|Any CPU.ActiveCfg = Debug|Any CPU
		{5985409E-2C7B-4666-A014-17CC9DA53E2C}.Debug-Single|Any CPU.Build.0 = Debug|Any CPU
		{5985409E-2C7B-4666-A014-17CC9DA53E2C}.Debug-Single|Mixed Platforms.ActiveCfg = Debug|Any CPU
		{5985409E-2C7B-4666-A014-17CC9DA53E2C}.Debug-Single|Mixed Platforms.Build.0 = Debug|Any CPU
		{5985409E-2C7B-4666-A014-17CC9DA53E2C}.Debug-Single|Win32.ActiveCfg = Debug|Any CPU
		{5985409E-2C7B-4666-A014-17CC9DA53E2C}.Debug-Single|x64.ActiveCfg = Debug|x64
		{5985409E-2C7B-4666-A014-17CC9DA53E2C}.Debug-Single|x64.Build.0 = Debug|x64
		{5985409E-2C7B-4666-A014-17CC9DA53E2C}.Release|Any CPU.ActiveCfg = Release|Any CPU
		{5985409E-2C7B-4666-A014-17CC9DA53E2C}.Release|Any CPU.Build.0 = Release|Any CPU
		{5985409E-2C7B-4666-A014-17CC9DA53E2C}.Release|Mixed Platforms.ActiveCfg = Release|Any CPU
		{5985409E-2C7B-4666-A014-17CC9DA53E2C}.Release|Mixed Platforms.Build.0 = Release|Any CPU
		{5985409E-2C7B-4666-A014-17CC9DA53E2C}.Release|Win32.ActiveCfg = Release|Any CPU
		{5985409E-2C7B-4666-A014-17CC9DA53E2C}.Release|x64.ActiveCfg = Release|x64
		{5985409E-2C7B-4666-A014-17CC9DA53E2C}.Release-Single|Any CPU.ActiveCfg = Release|Any CPU
		{5985409E-2C7B-4666-A014-17CC9DA53E2C}.Release-Single|Any CPU.Build.0 = Release|Any CPU
		{5985409E-2C7B-4666-A014-17CC9DA53E2C}.Release-Single|Mixed Platforms.ActiveCfg = Release|Any CPU
		{5985409E-2C7B-4666-A014-17CC9DA53E2C}.Release-Single|Mixed Platforms.Build.0 = Release|Any CPU
		{5985409E-2C7B-4666-A014-17CC9DA53E2C}.Release-Single|Win32.ActiveCfg = Release|Any CPU
		{5985409E-2C7B-4666-A014-17CC9DA53E2C}.Release-Single|x64.ActiveCfg = Release|x64
		{5985409E-2C7B-4666-A014-17CC9DA53E2C}.Release-Single|x64.Build.0 = Release|x64
		{CD41404C-A959-4E10-ABB8-6615B1C73295}.Debug|Any CPU.ActiveCfg = Debug|Any CPU
		{CD41404C-A959-4E10-ABB8-6615B1C73295}.Debug|Any CPU.Build.0 = Debug|Any CPU
		{CD41404C-A959-4E10-ABB8-6615B1C73295}.Debug|Mixed Platforms.ActiveCfg = Debug|Any CPU
		{CD41404C-A959-4E10-ABB8-6615B1C73295}.Debug|Mixed Platforms.Build.0 = Debug|Any CPU
		{CD41404C-A959-4E10-ABB8-6615B1C73295}.Debug|Win32.ActiveCfg = Debug|Any CPU
		{CD41404C-A959-4E10-ABB8-6615B1C73295}.Debug|x64.ActiveCfg = Debug|x64
		{CD41404C-A959-4E10-ABB8-6615B1C73295}.Debug-Single|Any CPU.ActiveCfg = Debug|Any CPU
		{CD41404C-A959-4E10-ABB8-6615B1C73295}.Debug-Single|Any CPU.Build.0 = Debug|Any CPU
		{CD41404C-A959-4E10-ABB8-6615B1C73295}.Debug-Single|Mixed Platforms.ActiveCfg = Debug|Any CPU
		{CD41404C-A959-4E10-ABB8-6615B1C73295}.Debug-Single|Mixed Platforms.Build.0 = Debug|Any CPU
		{CD41404C-A959-4E10-ABB8-6615B1C73295}.Debug-Single|Win32.ActiveCfg = Debug|Any CPU
		{CD41404C-A959-4E10-ABB8-6615B1C73295}.Debug-Single|x64.ActiveCfg = Debug|x64
		{CD41404C-A959-4E10-ABB8-6615B1C73295}.Debug-Single|x64.Build.0 = Debug|x64
		{CD41404C-A959-4E10-ABB8-6615B1C73295}.Release|Any CPU.ActiveCfg = Release|Any CPU
		{CD41404C-A959-4E10-ABB8-6615B1C73295}.Release|Any CPU.Build.0 = Release|Any CPU
		{CD41404C-A959-4E10-ABB8-6615B1C73295}.Release|Mixed Platforms.ActiveCfg = Release|Any CPU
		{CD41404C-A959-4E10-ABB8-6615B1C73295}.Release|Mixed Platforms.Build.0 = Release|Any CPU
		{CD41404C-A959-4E10-ABB8-6615B1C73295}.Release|Win32.ActiveCfg = Release|Any CPU
		{CD41404C-A959-4E10-ABB8-6615B1C73295}.Release|x64.ActiveCfg = Release|x64
		{CD41404C-A959-4E10-ABB8-6615B1C73295}.Release-Single|Any CPU.ActiveCfg = Release|Any CPU
		{CD41404C-A959-4E10-ABB8-6615B1C73295}.Release-Single|Any CPU.Build.0 = Release|Any CPU
		{CD41404C-A959-4E10-ABB8-6615B1C73295}.Release-Single|Mixed Platforms.ActiveCfg = Release|Any CPU
		{CD41404C-A959-4E10-ABB8-6615B1C73295}.Release-Single|Mixed Platforms.Build.0 = Release|Any CPU
		{CD41404C-A959-4E10-ABB8-6615B1C73295}.Release-Single|Win32.ActiveCfg = Release|Any CPU
		{CD41404C-A959-4E10-ABB8-6615B1C73295}.Release-Single|x64.ActiveCfg = Release|x64
		{CD41404C-A959-4E10-ABB8-6615B1C73295}.Release-Single|x64.Build.0 = Release|x64
		{406734E4-B4D2-4563-BE76-ADD4C1E5B35C}.Debug|Any CPU.ActiveCfg = Debug|Any CPU
		{406734E4-B4D2-4563-BE76-ADD4C1E5B35C}.Debug|Any CPU.Build.0 = Debug|Any CPU
		{406734E4-B4D2-4563-BE76-ADD4C1E5B35C}.Debug|Mixed Platforms.ActiveCfg = Debug|Any CPU
		{406734E4-B4D2-4563-BE76-ADD4C1E5B35C}.Debug|Mixed Platforms.Build.0 = Debug|Any CPU
		{406734E4-B4D2-4563-BE76-ADD4C1E5B35C}.Debug|Win32.ActiveCfg = Debug|Any CPU
		{406734E4-B4D2-4563-BE76-ADD4C1E5B35C}.Debug|x64.ActiveCfg = Debug|x64
		{406734E4-B4D2-4563-BE76-ADD4C1E5B35C}.Debug-Single|Any CPU.ActiveCfg = Debug|Any CPU
		{406734E4-B4D2-4563-BE76-ADD4C1E5B35C}.Debug-Single|Any CPU.Build.0 = Debug|Any CPU
		{406734E4-B4D2-4563-BE76-ADD4C1E5B35C}.Debug-Single|Mixed Platforms.ActiveCfg = Debug|Any CPU
		{406734E4-B4D2-4563-BE76-ADD4C1E5B35C}.Debug-Single|Mixed Platforms.Build.0 = Debug|Any CPU
		{406734E4-B4D2-4563-BE76-ADD4C1E5B35C}.Debug-Single|Win32.ActiveCfg = Debug|Any CPU
		{406734E4-B4D2-4563-BE76-ADD4C1E5B35C}.Debug-Single|x64.ActiveCfg = Debug|x64
		{406734E4-B4D2-4563-BE76-ADD4C1E5B35C}.Debug-Single|x64.Build.0 = Debug|x64
		{406734E4-B4D2-4563-BE76-ADD4C1E5B35C}.Release|Any CPU.ActiveCfg = Release|Any CPU
		{406734E4-B4D2-4563-BE76-ADD4C1E5B35C}.Release|Any CPU.Build.0 = Release|Any CPU
		{406734E4-B4D2-4563-BE76-ADD4C1E5B35C}.Release|Mixed Platforms.ActiveCfg = Release|Any CPU
		{406734E4-B4D2-4563-BE76-ADD4C1E5B35C}.Release|Mixed Platforms.Build.0 = Release|Any CPU
		{406734E4-B4D2-4563-BE76-ADD4C1E5B35C}.Release|Win32.ActiveCfg = Release|Any CPU
		{406734E4-B4D2-4563-BE76-ADD4C1E5B35C}.Release|x64.ActiveCfg = Release|x64
		{406734E4-B4D2-4563-BE76-ADD4C1E5B35C}.Release-Single|Any CPU.ActiveCfg = Release|Any CPU
		{406734E4-B4D2-4563-BE76-ADD4C1E5B35C}.Release-Single|Any CPU.Build.0 = Release|Any CPU
		{406734E4-B4D2-4563-BE76-ADD4C1E5B35C}.Release-Single|Mixed Platforms.ActiveCfg = Release|Any CPU
		{406734E4-B4D2-4563-BE76-ADD4C1E5B35C}.Release-Single|Mixed Platforms.Build.0 = Release|Any CPU
		{406734E4-B4D2-4563-BE76-ADD4C1E5B35C}.Release-Single|Win32.ActiveCfg = Release|Any CPU
		{406734E4-B4D2-4563-BE76-ADD4C1E5B35C}.Release-Single|x64.ActiveCfg = Release|x64
		{406734E4-B4D2-4563-BE76-ADD4C1E5B35C}.Release-Single|x64.Build.0 = Release|x64
		{280154B7-1C6C-4657-8532-AEF86490ACE5}.Debug|Any CPU.ActiveCfg = Debug|Any CPU
		{280154B7-1C6C-4657-8532-AEF86490ACE5}.Debug|Any CPU.Build.0 = Debug|Any CPU
		{280154B7-1C6C-4657-8532-AEF86490ACE5}.Debug|Mixed Platforms.ActiveCfg = Debug|Any CPU
		{280154B7-1C6C-4657-8532-AEF86490ACE5}.Debug|Mixed Platforms.Build.0 = Debug|Any CPU
		{280154B7-1C6C-4657-8532-AEF86490ACE5}.Debug|Win32.ActiveCfg = Debug|Any CPU
		{280154B7-1C6C-4657-8532-AEF86490ACE5}.Debug|x64.ActiveCfg = Debug|x64
		{280154B7-1C6C-4657-8532-AEF86490ACE5}.Debug-Single|Any CPU.ActiveCfg = Debug|Any CPU
		{280154B7-1C6C-4657-8532-AEF86490ACE5}.Debug-Single|Any CPU.Build.0 = Debug|Any CPU
		{280154B7-1C6C-4657-8532-AEF86490ACE5}.Debug-Single|Mixed Platforms.ActiveCfg = Debug|Any CPU
		{280154B7-1C6C-4657-8532-AEF86490ACE5}.Debug-Single|Mixed Platforms.Build.0 = Debug|Any CPU
		{280154B7-1C6C-4657-8532-AEF86490ACE5}.Debug-Single|Win32.ActiveCfg = Debug|Any CPU
		{280154B7-1C6C-4657-8532-AEF86490ACE5}.Debug-Single|x64.ActiveCfg = Debug|x64
		{280154B7-1C6C-4657-8532-AEF86490ACE5}.Debug-Single|x64.Build.0 = Debug|x64
		{280154B7-1C6C-4657-8532-AEF86490ACE5}.Release|Any CPU.ActiveCfg = Release|Any CPU
		{280154B7-1C6C-4657-8532-AEF86490ACE5}.Release|Any CPU.Build.0 = Release|Any CPU
		{280154B7-1C6C-4657-8532-AEF86490ACE5}.Release|Mixed Platforms.ActiveCfg = Release|Any CPU
		{280154B7-1C6C-4657-8532-AEF86490ACE5}.Release|Mixed Platforms.Build.0 = Release|Any CPU
		{280154B7-1C6C-4657-8532-AEF86490ACE5}.Release|Win32.ActiveCfg = Release|Any CPU
		{280154B7-1C6C-4657-8532-AEF86490ACE5}.Release|x64.ActiveCfg = Release|x64
		{280154B7-1C6C-4657-8532-AEF86490ACE5}.Release-Single|Any CPU.ActiveCfg = Release|Any CPU
		{280154B7-1C6C-4657-8532-AEF86490ACE5}.Release-Single|Any CPU.Build.0 = Release|Any CPU
		{280154B7-1C6C-4657-8532-AEF86490ACE5}.Release-Single|Mixed Platforms.ActiveCfg = Release|Any CPU
		{280154B7-1C6C-4657-8532-AEF86490ACE5}.Release-Single|Mixed Platforms.Build.0 = Release|Any CPU
		{280154B7-1C6C-4657-8532-AEF86490ACE5}.Release-Single|Win32.ActiveCfg = Release|Any CPU
		{280154B7-1C6C-4657-8532-AEF86490ACE5}.Release-Single|x64.ActiveCfg = Release|x64
		{280154B7-1C6C-4657-8532-AEF86490ACE5}.Release-Single|x64.Build.0 = Release|x64
		{43C8D103-2C05-4458-B6AA-C5EC5726968B}.Debug|Any CPU.ActiveCfg = Debug|Any CPU
		{43C8D103-2C05-4458-B6AA-C5EC5726968B}.Debug|Any CPU.Build.0 = Debug|Any CPU
		{43C8D103-2C05-4458-B6AA-C5EC5726968B}.Debug|Mixed Platforms.ActiveCfg = Debug|Any CPU
		{43C8D103-2C05-4458-B6AA-C5EC5726968B}.Debug|Mixed Platforms.Build.0 = Debug|Any CPU
		{43C8D103-2C05-4458-B6AA-C5EC5726968B}.Debug|Win32.ActiveCfg = Debug|Any CPU
		{43C8D103-2C05-4458-B6AA-C5EC5726968B}.Debug|x64.ActiveCfg = Debug|x64
		{43C8D103-2C05-4458-B6AA-C5EC5726968B}.Debug-Single|Any CPU.ActiveCfg = Debug|Any CPU
		{43C8D103-2C05-4458-B6AA-C5EC5726968B}.Debug-Single|Any CPU.Build.0 = Debug|Any CPU
		{43C8D103-2C05-4458-B6AA-C5EC5726968B}.Debug-Single|Mixed Platforms.ActiveCfg = Debug|Any CPU
		{43C8D103-2C05-4458-B6AA-C5EC5726968B}.Debug-Single|Mixed Platforms.Build.0 = Debug|Any CPU
		{43C8D103-2C05-4458-B6AA-C5EC5726968B}.Debug-Single|Win32.ActiveCfg = Debug|Any CPU
		{43C8D103-2C05-4458-B6AA-C5EC5726968B}.Debug-Single|x64.ActiveCfg = Debug|x64
		{43C8D103-2C05-4458-B6AA-C5EC5726968B}.Debug-Single|x64.Build.0 = Debug|x64
		{43C8D103-2C05-4458-B6AA-C5EC5726968B}.Release|Any CPU.ActiveCfg = Release|Any CPU
		{43C8D103-2C05-4458-B6AA-C5EC5726968B}.Release|Any CPU.Build.0 = Release|Any CPU
		{43C8D103-2C05-4458-B6AA-C5EC5726968B}.Release|Mixed Platforms.ActiveCfg = Release|Any CPU
		{43C8D103-2C05-4458-B6AA-C5EC5726968B}.Release|Mixed Platforms.Build.0 = Release|Any CPU
		{43C8D103-2C05-4458-B6AA-C5EC5726968B}.Release|Win32.ActiveCfg = Release|Any CPU
		{43C8D103-2C05-4458-B6AA-C5EC5726968B}.Release|x64.ActiveCfg = Release|x64
		{43C8D103-2C05-4458-B6AA-C5EC5726968B}.Release-Single|Any CPU.ActiveCfg = Release|Any CPU
		{43C8D103-2C05-4458-B6AA-C5EC5726968B}.Release-Single|Any CPU.Build.0 = Release|Any CPU
		{43C8D103-2C05-4458-B6AA-C5EC5726968B}.Release-Single|Mixed Platforms.ActiveCfg = Release|Any CPU
		{43C8D103-2C05-4458-B6AA-C5EC5726968B}.Release-Single|Mixed Platforms.Build.0 = Release|Any CPU
		{43C8D103-2C05-4458-B6AA-C5EC5726968B}.Release-Single|Win32.ActiveCfg = Release|Any CPU
		{43C8D103-2C05-4458-B6AA-C5EC5726968B}.Release-Single|x64.ActiveCfg = Release|x64
		{43C8D103-2C05-4458-B6AA-C5EC5726968B}.Release-Single|x64.Build.0 = Release|x64
		{A3EDBB02-24F8-4010-BE57-91A55A2F5981}.Debug|Any CPU.ActiveCfg = Debug-Single|Win32
		{A3EDBB02-24F8-4010-BE57-91A55A2F5981}.Debug|Mixed Platforms.ActiveCfg = Debug-Single|Win32
		{A3EDBB02-24F8-4010-BE57-91A55A2F5981}.Debug|Mixed Platforms.Build.0 = Debug-Single|Win32
		{A3EDBB02-24F8-4010-BE57-91A55A2F5981}.Debug|Win32.ActiveCfg = Debug-Single|Win32
		{A3EDBB02-24F8-4010-BE57-91A55A2F5981}.Debug|Win32.Build.0 = Debug-Single|Win32
		{A3EDBB02-24F8-4010-BE57-91A55A2F5981}.Debug|x64.ActiveCfg = Debug-Single|x64
		{A3EDBB02-24F8-4010-BE57-91A55A2F5981}.Debug|x64.Build.0 = Debug-Single|x64
		{A3EDBB02-24F8-4010-BE57-91A55A2F5981}.Debug-Single|Any CPU.ActiveCfg = Debug-Single|Win32
		{A3EDBB02-24F8-4010-BE57-91A55A2F5981}.Debug-Single|Mixed Platforms.ActiveCfg = Debug-Single|Win32
		{A3EDBB02-24F8-4010-BE57-91A55A2F5981}.Debug-Single|Mixed Platforms.Build.0 = Debug-Single|Win32
		{A3EDBB02-24F8-4010-BE57-91A55A2F5981}.Debug-Single|Win32.ActiveCfg = Debug-Single|Win32
		{A3EDBB02-24F8-4010-BE57-91A55A2F5981}.Debug-Single|Win32.Build.0 = Debug-Single|Win32
		{A3EDBB02-24F8-4010-BE57-91A55A2F5981}.Debug-Single|x64.ActiveCfg = Debug-Single|x64
		{A3EDBB02-24F8-4010-BE57-91A55A2F5981}.Debug-Single|x64.Build.0 = Debug-Single|x64
		{A3EDBB02-24F8-4010-BE57-91A55A2F5981}.Release|Any CPU.ActiveCfg = Release-Single|Win32
		{A3EDBB02-24F8-4010-BE57-91A55A2F5981}.Release|Mixed Platforms.ActiveCfg = Release-Single|Win32
		{A3EDBB02-24F8-4010-BE57-91A55A2F5981}.Release|Mixed Platforms.Build.0 = Release-Single|Win32
		{A3EDBB02-24F8-4010-BE57-91A55A2F5981}.Release|Win32.ActiveCfg = Release-Single|Win32
		{A3EDBB02-24F8-4010-BE57-91A55A2F5981}.Release|Win32.Build.0 = Release-Single|Win32
		{A3EDBB02-24F8-4010-BE57-91A55A2F5981}.Release|x64.ActiveCfg = Release-Single|x64
		{A3EDBB02-24F8-4010-BE57-91A55A2F5981}.Release|x64.Build.0 = Release-Single|x64
		{A3EDBB02-24F8-4010-BE57-91A55A2F5981}.Release-Single|Any CPU.ActiveCfg = Release-Single|Win32
		{A3EDBB02-24F8-4010-BE57-91A55A2F5981}.Release-Single|Mixed Platforms.ActiveCfg = Release-Single|Win32
		{A3EDBB02-24F8-4010-BE57-91A55A2F5981}.Release-Single|Mixed Platforms.Build.0 = Release-Single|Win32
		{A3EDBB02-24F8-4010-BE57-91A55A2F5981}.Release-Single|Win32.ActiveCfg = Release-Single|Win32
		{A3EDBB02-24F8-4010-BE57-91A55A2F5981}.Release-Single|Win32.Build.0 = Release-Single|Win32
		{A3EDBB02-24F8-4010-BE57-91A55A2F5981}.Release-Single|x64.ActiveCfg = Release-Single|x64
		{A3EDBB02-24F8-4010-BE57-91A55A2F5981}.Release-Single|x64.Build.0 = Release-Single|x64
		{ABB7D1D8-B6AD-4225-B2BB-345F1794BA88}.Debug|Any CPU.ActiveCfg = Debug|Win32
		{ABB7D1D8-B6AD-4225-B2BB-345F1794BA88}.Debug|Mixed Platforms.ActiveCfg = Debug|Win32
		{ABB7D1D8-B6AD-4225-B2BB-345F1794BA88}.Debug|Mixed Platforms.Build.0 = Debug|Win32
		{ABB7D1D8-B6AD-4225-B2BB-345F1794BA88}.Debug|Win32.ActiveCfg = Debug|Win32
		{ABB7D1D8-B6AD-4225-B2BB-345F1794BA88}.Debug|Win32.Build.0 = Debug|Win32
		{ABB7D1D8-B6AD-4225-B2BB-345F1794BA88}.Debug|x64.ActiveCfg = Debug|x64
		{ABB7D1D8-B6AD-4225-B2BB-345F1794BA88}.Debug|x64.Build.0 = Debug|x64
		{ABB7D1D8-B6AD-4225-B2BB-345F1794BA88}.Debug-Single|Any CPU.ActiveCfg = Debug|Win32
		{ABB7D1D8-B6AD-4225-B2BB-345F1794BA88}.Debug-Single|Mixed Platforms.ActiveCfg = Debug|Win32
		{ABB7D1D8-B6AD-4225-B2BB-345F1794BA88}.Debug-Single|Mixed Platforms.Build.0 = Debug|Win32
		{ABB7D1D8-B6AD-4225-B2BB-345F1794BA88}.Debug-Single|Win32.ActiveCfg = Debug|Win32
		{ABB7D1D8-B6AD-4225-B2BB-345F1794BA88}.Debug-Single|Win32.Build.0 = Debug|Win32
		{ABB7D1D8-B6AD-4225-B2BB-345F1794BA88}.Debug-Single|x64.ActiveCfg = Debug|x64
		{ABB7D1D8-B6AD-4225-B2BB-345F1794BA88}.Debug-Single|x64.Build.0 = Debug|x64
		{ABB7D1D8-B6AD-4225-B2BB-345F1794BA88}.Release|Any CPU.ActiveCfg = Release|Win32
		{ABB7D1D8-B6AD-4225-B2BB-345F1794BA88}.Release|Mixed Platforms.ActiveCfg = Release|Win32
		{ABB7D1D8-B6AD-4225-B2BB-345F1794BA88}.Release|Mixed Platforms.Build.0 = Release|Win32
		{ABB7D1D8-B6AD-4225-B2BB-345F1794BA88}.Release|Win32.ActiveCfg = Release|Win32
		{ABB7D1D8-B6AD-4225-B2BB-345F1794BA88}.Release|Win32.Build.0 = Release|Win32
		{ABB7D1D8-B6AD-4225-B2BB-345F1794BA88}.Release|x64.ActiveCfg = Release|x64
		{ABB7D1D8-B6AD-4225-B2BB-345F1794BA88}.Release|x64.Build.0 = Release|x64
		{ABB7D1D8-B6AD-4225-B2BB-345F1794BA88}.Release-Single|Any CPU.ActiveCfg = Release|Win32
		{ABB7D1D8-B6AD-4225-B2BB-345F1794BA88}.Release-Single|Mixed Platforms.ActiveCfg = Release|Win32
		{ABB7D1D8-B6AD-4225-B2BB-345F1794BA88}.Release-Single|Mixed Platforms.Build.0 = Release|Win32
		{ABB7D1D8-B6AD-4225-B2BB-345F1794BA88}.Release-Single|Win32.ActiveCfg = Release|Win32
		{ABB7D1D8-B6AD-4225-B2BB-345F1794BA88}.Release-Single|Win32.Build.0 = Release|Win32
		{ABB7D1D8-B6AD-4225-B2BB-345F1794BA88}.Release-Single|x64.ActiveCfg = Release|x64
		{ABB7D1D8-B6AD-4225-B2BB-345F1794BA88}.Release-Single|x64.Build.0 = Release|x64
		{45C33103-37A7-4816-9D52-6D9B57EB1575}.Debug|Any CPU.ActiveCfg = Debug|Win32
		{45C33103-37A7-4816-9D52-6D9B57EB1575}.Debug|Mixed Platforms.ActiveCfg = Debug|Win32
		{45C33103-37A7-4816-9D52-6D9B57EB1575}.Debug|Mixed Platforms.Build.0 = Debug|Win32
		{45C33103-37A7-4816-9D52-6D9B57EB1575}.Debug|Win32.ActiveCfg = Debug|Win32
		{45C33103-37A7-4816-9D52-6D9B57EB1575}.Debug|Win32.Build.0 = Debug|Win32
		{45C33103-37A7-4816-9D52-6D9B57EB1575}.Debug|x64.ActiveCfg = Debug|x64
		{45C33103-37A7-4816-9D52-6D9B57EB1575}.Debug|x64.Build.0 = Debug|x64
		{45C33103-37A7-4816-9D52-6D9B57EB1575}.Debug-Single|Any CPU.ActiveCfg = Debug|Win32
		{45C33103-37A7-4816-9D52-6D9B57EB1575}.Debug-Single|Mixed Platforms.ActiveCfg = Debug|Win32
		{45C33103-37A7-4816-9D52-6D9B57EB1575}.Debug-Single|Mixed Platforms.Build.0 = Debug|Win32
		{45C33103-37A7-4816-9D52-6D9B57EB1575}.Debug-Single|Win32.ActiveCfg = Debug|Win32
		{45C33103-37A7-4816-9D52-6D9B57EB1575}.Debug-Single|Win32.Build.0 = Debug|Win32
		{45C33103-37A7-4816-9D52-6D9B57EB1575}.Debug-Single|x64.ActiveCfg = Debug|x64
		{45C33103-37A7-4816-9D52-6D9B57EB1575}.Debug-Single|x64.Build.0 = Debug|x64
		{45C33103-37A7-4816-9D52-6D9B57EB1575}.Release|Any CPU.ActiveCfg = Release|Win32
		{45C33103-37A7-4816-9D52-6D9B57EB1575}.Release|Mixed Platforms.ActiveCfg = Release|Win32
		{45C33103-37A7-4816-9D52-6D9B57EB1575}.Release|Mixed Platforms.Build.0 = Release|Win32
		{45C33103-37A7-4816-9D52-6D9B57EB1575}.Release|Win32.ActiveCfg = Release|Win32
		{45C33103-37A7-4816-9D52-6D9B57EB1575}.Release|Win32.Build.0 = Release|Win32
		{45C33103-37A7-4816-9D52-6D9B57EB1575}.Release|x64.ActiveCfg = Release|x64
		{45C33103-37A7-4816-9D52-6D9B57EB1575}.Release|x64.Build.0 = Release|x64
		{45C33103-37A7-4816-9D52-6D9B57EB1575}.Release-Single|Any CPU.ActiveCfg = Release|Win32
		{45C33103-37A7-4816-9D52-6D9B57EB1575}.Release-Single|Mixed Platforms.ActiveCfg = Release|Win32
		{45C33103-37A7-4816-9D52-6D9B57EB1575}.Release-Single|Mixed Platforms.Build.0 = Release|Win32
		{45C33103-37A7-4816-9D52-6D9B57EB1575}.Release-Single|Win32.ActiveCfg = Release|Win32
		{45C33103-37A7-4816-9D52-6D9B57EB1575}.Release-Single|Win32.Build.0 = Release|Win32
		{45C33103-37A7-4816-9D52-6D9B57EB1575}.Release-Single|x64.ActiveCfg = Release|x64
		{45C33103-37A7-4816-9D52-6D9B57EB1575}.Release-Single|x64.Build.0 = Release|x64
		{BEC9EC33-3C02-4F31-BDA6-B8068A215AA9}.Debug|Any CPU.ActiveCfg = Debug|Win32
		{BEC9EC33-3C02-4F31-BDA6-B8068A215AA9}.Debug|Mixed Platforms.ActiveCfg = Debug|Win32
		{BEC9EC33-3C02-4F31-BDA6-B8068A215AA9}.Debug|Mixed Platforms.Build.0 = Debug|Win32
		{BEC9EC33-3C02-4F31-BDA6-B8068A215AA9}.Debug|Win32.ActiveCfg = Debug|Win32
		{BEC9EC33-3C02-4F31-BDA6-B8068A215AA9}.Debug|Win32.Build.0 = Debug|Win32
		{BEC9EC33-3C02-4F31-BDA6-B8068A215AA9}.Debug|x64.ActiveCfg = Debug|x64
		{BEC9EC33-3C02-4F31-BDA6-B8068A215AA9}.Debug|x64.Build.0 = Debug|x64
		{BEC9EC33-3C02-4F31-BDA6-B8068A215AA9}.Debug-Single|Any CPU.ActiveCfg = Debug|Win32
		{BEC9EC33-3C02-4F31-BDA6-B8068A215AA9}.Debug-Single|Mixed Platforms.ActiveCfg = Debug|Win32
		{BEC9EC33-3C02-4F31-BDA6-B8068A215AA9}.Debug-Single|Mixed Platforms.Build.0 = Debug|Win32
		{BEC9EC33-3C02-4F31-BDA6-B8068A215AA9}.Debug-Single|Win32.ActiveCfg = Debug|Win32
		{BEC9EC33-3C02-4F31-BDA6-B8068A215AA9}.Debug-Single|Win32.Build.0 = Debug|Win32
		{BEC9EC33-3C02-4F31-BDA6-B8068A215AA9}.Debug-Single|x64.ActiveCfg = Debug|x64
		{BEC9EC33-3C02-4F31-BDA6-B8068A215AA9}.Debug-Single|x64.Build.0 = Debug|x64
		{BEC9EC33-3C02-4F31-BDA6-B8068A215AA9}.Release|Any CPU.ActiveCfg = Release|Win32
		{BEC9EC33-3C02-4F31-BDA6-B8068A215AA9}.Release|Mixed Platforms.ActiveCfg = Release|Win32
		{BEC9EC33-3C02-4F31-BDA6-B8068A215AA9}.Release|Mixed Platforms.Build.0 = Release|Win32
		{BEC9EC33-3C02-4F31-BDA6-B8068A215AA9}.Release|Win32.ActiveCfg = Release|Win32
		{BEC9EC33-3C02-4F31-BDA6-B8068A215AA9}.Release|Win32.Build.0 = Release|Win32
		{BEC9EC33-3C02-4F31-BDA6-B8068A215AA9}.Release|x64.ActiveCfg = Release|x64
		{BEC9EC33-3C02-4F31-BDA6-B8068A215AA9}.Release|x64.Build.0 = Release|x64
		{BEC9EC33-3C02-4F31-BDA6-B8068A215AA9}.Release-Single|Any CPU.ActiveCfg = Release|Win32
		{BEC9EC33-3C02-4F31-BDA6-B8068A215AA9}.Release-Single|Mixed Platforms.ActiveCfg = Release|Win32
		{BEC9EC33-3C02-4F31-BDA6-B8068A215AA9}.Release-Single|Mixed Platforms.Build.0 = Release|Win32
		{BEC9EC33-3C02-4F31-BDA6-B8068A215AA9}.Release-Single|Win32.ActiveCfg = Release|Win32
		{BEC9EC33-3C02-4F31-BDA6-B8068A215AA9}.Release-Single|Win32.Build.0 = Release|Win32
		{BEC9EC33-3C02-4F31-BDA6-B8068A215AA9}.Release-Single|x64.ActiveCfg = Release|x64
		{BEC9EC33-3C02-4F31-BDA6-B8068A215AA9}.Release-Single|x64.Build.0 = Release|x64
	EndGlobalSection
	GlobalSection(SolutionProperties) = preSolution
		HideSolutionNode = FALSE
	EndGlobalSection
	GlobalSection(ExtensibilityGlobals) = postSolution
		SolutionGuid = {B3617B77-9935-4809-BEEE-7A57C258348A}
	EndGlobalSection
EndGlobal
