
Microsoft Visual Studio Solution File, Format Version 12.00
# Visual Studio 2012
Project("{8BC9CEB8-8B4A-11D0-8D11-00A0C91BC942}") = "cputrack", "cputrack\cputrack.vcxproj", "{1790E71E-B0EE-4BF9-8C27-0CD6C1B6DF4B}"
EndProject
Project("{8BC9CEB8-8B4A-11D0-8D11-00A0C91BC942}") = "lvcputrack", "cputrack\lvcputrack.vcxproj", "{6F4803EC-15BB-459B-95A7-75F475B0928E}"
EndProject
Project("{FAE04EC0-301F-11D3-BF4B-00C04F79EFBC}") = "QTrkDotNet", "QTrkDotNet\QTrkDotNet.csproj", "{5985409E-2C7B-4666-A014-17CC9DA53E2C}"
	ProjectSection(ProjectDependencies) = postProject
		{1790E71E-B0EE-4BF9-8C27-0CD6C1B6DF4B} = {1790E71E-B0EE-4BF9-8C27-0CD6C1B6DF4B}
	EndProjectSection
EndProject
Project("{FAE04EC0-301F-11D3-BF4B-00C04F79EFBC}") = "QTrkExample", "QTrkDotNet\QTrkExample\QTrkExample.csproj", "{CD41404C-A959-4E10-ABB8-6615B1C73295}"
EndProject
Project("{FAE04EC0-301F-11D3-BF4B-00C04F79EFBC}") = "OfflineTracker", "OfflineTracker\OfflineTracker.csproj", "{406734E4-B4D2-4563-BE76-ADD4C1E5B35C}"
EndProject
Project("{FAE04EC0-301F-11D3-BF4B-00C04F79EFBC}") = "BeadSelectorDlg", "QTrkDotNet\BeadSelectorDlg\BeadSelectorDlg.csproj", "{43C8D103-2C05-4458-B6AA-C5EC5726968B}"
EndProject
Global
	GlobalSection(SolutionConfigurationPlatforms) = preSolution
		Debug|Any CPU = Debug|Any CPU
		Debug|Mixed Platforms = Debug|Mixed Platforms
		Debug|Win32 = Debug|Win32
		Debug-Single|Any CPU = Debug-Single|Any CPU
		Debug-Single|Mixed Platforms = Debug-Single|Mixed Platforms
		Debug-Single|Win32 = Debug-Single|Win32
		Release|Any CPU = Release|Any CPU
		Release|Mixed Platforms = Release|Mixed Platforms
		Release|Win32 = Release|Win32
		Release-Single|Any CPU = Release-Single|Any CPU
		Release-Single|Mixed Platforms = Release-Single|Mixed Platforms
		Release-Single|Win32 = Release-Single|Win32
	EndGlobalSection
	GlobalSection(ProjectConfigurationPlatforms) = postSolution
		{1790E71E-B0EE-4BF9-8C27-0CD6C1B6DF4B}.Debug|Any CPU.ActiveCfg = Debug-Single|Win32
		{1790E71E-B0EE-4BF9-8C27-0CD6C1B6DF4B}.Debug|Mixed Platforms.ActiveCfg = Debug-Single|Win32
		{1790E71E-B0EE-4BF9-8C27-0CD6C1B6DF4B}.Debug|Mixed Platforms.Build.0 = Debug-Single|Win32
		{1790E71E-B0EE-4BF9-8C27-0CD6C1B6DF4B}.Debug|Win32.ActiveCfg = Debug-Single|Win32
		{1790E71E-B0EE-4BF9-8C27-0CD6C1B6DF4B}.Debug|Win32.Build.0 = Debug-Single|Win32
		{1790E71E-B0EE-4BF9-8C27-0CD6C1B6DF4B}.Debug-Single|Any CPU.ActiveCfg = Debug-Single|Win32
		{1790E71E-B0EE-4BF9-8C27-0CD6C1B6DF4B}.Debug-Single|Mixed Platforms.ActiveCfg = Debug-Single|Win32
		{1790E71E-B0EE-4BF9-8C27-0CD6C1B6DF4B}.Debug-Single|Mixed Platforms.Build.0 = Debug-Single|Win32
		{1790E71E-B0EE-4BF9-8C27-0CD6C1B6DF4B}.Debug-Single|Win32.ActiveCfg = Debug-Single|Win32
		{1790E71E-B0EE-4BF9-8C27-0CD6C1B6DF4B}.Debug-Single|Win32.Build.0 = Debug-Single|Win32
		{1790E71E-B0EE-4BF9-8C27-0CD6C1B6DF4B}.Release|Any CPU.ActiveCfg = Release-Single|Win32
		{1790E71E-B0EE-4BF9-8C27-0CD6C1B6DF4B}.Release|Mixed Platforms.ActiveCfg = Release-Single|Win32
		{1790E71E-B0EE-4BF9-8C27-0CD6C1B6DF4B}.Release|Mixed Platforms.Build.0 = Release-Single|Win32
		{1790E71E-B0EE-4BF9-8C27-0CD6C1B6DF4B}.Release|Win32.ActiveCfg = Release-Single|Win32
		{1790E71E-B0EE-4BF9-8C27-0CD6C1B6DF4B}.Release|Win32.Build.0 = Release-Single|Win32
		{1790E71E-B0EE-4BF9-8C27-0CD6C1B6DF4B}.Release-Single|Any CPU.ActiveCfg = Release-Single|Win32
		{1790E71E-B0EE-4BF9-8C27-0CD6C1B6DF4B}.Release-Single|Mixed Platforms.ActiveCfg = Release-Single|Win32
		{1790E71E-B0EE-4BF9-8C27-0CD6C1B6DF4B}.Release-Single|Mixed Platforms.Build.0 = Release-Single|Win32
		{1790E71E-B0EE-4BF9-8C27-0CD6C1B6DF4B}.Release-Single|Win32.ActiveCfg = Release-Single|Win32
		{1790E71E-B0EE-4BF9-8C27-0CD6C1B6DF4B}.Release-Single|Win32.Build.0 = Release-Single|Win32
		{6F4803EC-15BB-459B-95A7-75F475B0928E}.Debug|Any CPU.ActiveCfg = Debug-Single|Win32
		{6F4803EC-15BB-459B-95A7-75F475B0928E}.Debug|Mixed Platforms.ActiveCfg = Debug-Single|Win32
		{6F4803EC-15BB-459B-95A7-75F475B0928E}.Debug|Mixed Platforms.Build.0 = Debug-Single|Win32
		{6F4803EC-15BB-459B-95A7-75F475B0928E}.Debug|Win32.ActiveCfg = Debug-Single|Win32
		{6F4803EC-15BB-459B-95A7-75F475B0928E}.Debug|Win32.Build.0 = Debug-Single|Win32
		{6F4803EC-15BB-459B-95A7-75F475B0928E}.Debug-Single|Any CPU.ActiveCfg = Debug-Single|Win32
		{6F4803EC-15BB-459B-95A7-75F475B0928E}.Debug-Single|Mixed Platforms.ActiveCfg = Debug-Single|Win32
		{6F4803EC-15BB-459B-95A7-75F475B0928E}.Debug-Single|Mixed Platforms.Build.0 = Debug-Single|Win32
		{6F4803EC-15BB-459B-95A7-75F475B0928E}.Debug-Single|Win32.ActiveCfg = Debug-Single|Win32
		{6F4803EC-15BB-459B-95A7-75F475B0928E}.Debug-Single|Win32.Build.0 = Debug-Single|Win32
		{6F4803EC-15BB-459B-95A7-75F475B0928E}.Release|Any CPU.ActiveCfg = Release-Single|Win32
		{6F4803EC-15BB-459B-95A7-75F475B0928E}.Release|Mixed Platforms.ActiveCfg = Release-Single|Win32
		{6F4803EC-15BB-459B-95A7-75F475B0928E}.Release|Mixed Platforms.Build.0 = Release-Single|Win32
		{6F4803EC-15BB-459B-95A7-75F475B0928E}.Release|Win32.ActiveCfg = Release-Single|Win32
		{6F4803EC-15BB-459B-95A7-75F475B0928E}.Release|Win32.Build.0 = Release-Single|Win32
		{6F4803EC-15BB-459B-95A7-75F475B0928E}.Release-Single|Any CPU.ActiveCfg = Release-Single|Win32
		{6F4803EC-15BB-459B-95A7-75F475B0928E}.Release-Single|Mixed Platforms.ActiveCfg = Release-Single|Win32
		{6F4803EC-15BB-459B-95A7-75F475B0928E}.Release-Single|Mixed Platforms.Build.0 = Release-Single|Win32
		{6F4803EC-15BB-459B-95A7-75F475B0928E}.Release-Single|Win32.ActiveCfg = Release-Single|Win32
		{6F4803EC-15BB-459B-95A7-75F475B0928E}.Release-Single|Win32.Build.0 = Release-Single|Win32
		{5985409E-2C7B-4666-A014-17CC9DA53E2C}.Debug|Any CPU.ActiveCfg = Debug|Any CPU
		{5985409E-2C7B-4666-A014-17CC9DA53E2C}.Debug|Any CPU.Build.0 = Debug|Any CPU
		{5985409E-2C7B-4666-A014-17CC9DA53E2C}.Debug|Mixed Platforms.ActiveCfg = Debug|Any CPU
		{5985409E-2C7B-4666-A014-17CC9DA53E2C}.Debug|Mixed Platforms.Build.0 = Debug|Any CPU
		{5985409E-2C7B-4666-A014-17CC9DA53E2C}.Debug|Win32.ActiveCfg = Debug|Any CPU
		{5985409E-2C7B-4666-A014-17CC9DA53E2C}.Debug-Single|Any CPU.ActiveCfg = Debug|Any CPU
		{5985409E-2C7B-4666-A014-17CC9DA53E2C}.Debug-Single|Any CPU.Build.0 = Debug|Any CPU
		{5985409E-2C7B-4666-A014-17CC9DA53E2C}.Debug-Single|Mixed Platforms.ActiveCfg = Debug|Any CPU
		{5985409E-2C7B-4666-A014-17CC9DA53E2C}.Debug-Single|Mixed Platforms.Build.0 = Debug|Any CPU
		{5985409E-2C7B-4666-A014-17CC9DA53E2C}.Debug-Single|Win32.ActiveCfg = Debug|Any CPU
		{5985409E-2C7B-4666-A014-17CC9DA53E2C}.Release|Any CPU.ActiveCfg = Release|Any CPU
		{5985409E-2C7B-4666-A014-17CC9DA53E2C}.Release|Any CPU.Build.0 = Release|Any CPU
		{5985409E-2C7B-4666-A014-17CC9DA53E2C}.Release|Mixed Platforms.ActiveCfg = Release|Any CPU
		{5985409E-2C7B-4666-A014-17CC9DA53E2C}.Release|Mixed Platforms.Build.0 = Release|Any CPU
		{5985409E-2C7B-4666-A014-17CC9DA53E2C}.Release|Win32.ActiveCfg = Release|Any CPU
		{5985409E-2C7B-4666-A014-17CC9DA53E2C}.Release-Single|Any CPU.ActiveCfg = Release|Any CPU
		{5985409E-2C7B-4666-A014-17CC9DA53E2C}.Release-Single|Any CPU.Build.0 = Release|Any CPU
		{5985409E-2C7B-4666-A014-17CC9DA53E2C}.Release-Single|Mixed Platforms.ActiveCfg = Release|Any CPU
		{5985409E-2C7B-4666-A014-17CC9DA53E2C}.Release-Single|Mixed Platforms.Build.0 = Release|Any CPU
		{5985409E-2C7B-4666-A014-17CC9DA53E2C}.Release-Single|Win32.ActiveCfg = Release|Any CPU
		{CD41404C-A959-4E10-ABB8-6615B1C73295}.Debug|Any CPU.ActiveCfg = Debug|Any CPU
		{CD41404C-A959-4E10-ABB8-6615B1C73295}.Debug|Any CPU.Build.0 = Debug|Any CPU
		{CD41404C-A959-4E10-ABB8-6615B1C73295}.Debug|Mixed Platforms.ActiveCfg = Debug|Any CPU
		{CD41404C-A959-4E10-ABB8-6615B1C73295}.Debug|Mixed Platforms.Build.0 = Debug|Any CPU
		{CD41404C-A959-4E10-ABB8-6615B1C73295}.Debug|Win32.ActiveCfg = Debug|Any CPU
		{CD41404C-A959-4E10-ABB8-6615B1C73295}.Debug-Single|Any CPU.ActiveCfg = Debug|Any CPU
		{CD41404C-A959-4E10-ABB8-6615B1C73295}.Debug-Single|Any CPU.Build.0 = Debug|Any CPU
		{CD41404C-A959-4E10-ABB8-6615B1C73295}.Debug-Single|Mixed Platforms.ActiveCfg = Debug|Any CPU
		{CD41404C-A959-4E10-ABB8-6615B1C73295}.Debug-Single|Mixed Platforms.Build.0 = Debug|Any CPU
		{CD41404C-A959-4E10-ABB8-6615B1C73295}.Debug-Single|Win32.ActiveCfg = Debug|Any CPU
		{CD41404C-A959-4E10-ABB8-6615B1C73295}.Release|Any CPU.ActiveCfg = Release|Any CPU
		{CD41404C-A959-4E10-ABB8-6615B1C73295}.Release|Any CPU.Build.0 = Release|Any CPU
		{CD41404C-A959-4E10-ABB8-6615B1C73295}.Release|Mixed Platforms.ActiveCfg = Release|Any CPU
		{CD41404C-A959-4E10-ABB8-6615B1C73295}.Release|Mixed Platforms.Build.0 = Release|Any CPU
		{CD41404C-A959-4E10-ABB8-6615B1C73295}.Release|Win32.ActiveCfg = Release|Any CPU
		{CD41404C-A959-4E10-ABB8-6615B1C73295}.Release-Single|Any CPU.ActiveCfg = Release|Any CPU
		{CD41404C-A959-4E10-ABB8-6615B1C73295}.Release-Single|Any CPU.Build.0 = Release|Any CPU
		{CD41404C-A959-4E10-ABB8-6615B1C73295}.Release-Single|Mixed Platforms.ActiveCfg = Release|Any CPU
		{CD41404C-A959-4E10-ABB8-6615B1C73295}.Release-Single|Mixed Platforms.Build.0 = Release|Any CPU
		{CD41404C-A959-4E10-ABB8-6615B1C73295}.Release-Single|Win32.ActiveCfg = Release|Any CPU
		{406734E4-B4D2-4563-BE76-ADD4C1E5B35C}.Debug|Any CPU.ActiveCfg = Debug|Any CPU
		{406734E4-B4D2-4563-BE76-ADD4C1E5B35C}.Debug|Any CPU.Build.0 = Debug|Any CPU
		{406734E4-B4D2-4563-BE76-ADD4C1E5B35C}.Debug|Mixed Platforms.ActiveCfg = Debug|Any CPU
		{406734E4-B4D2-4563-BE76-ADD4C1E5B35C}.Debug|Mixed Platforms.Build.0 = Debug|Any CPU
		{406734E4-B4D2-4563-BE76-ADD4C1E5B35C}.Debug|Win32.ActiveCfg = Debug|Any CPU
		{406734E4-B4D2-4563-BE76-ADD4C1E5B35C}.Debug-Single|Any CPU.ActiveCfg = Debug|Any CPU
		{406734E4-B4D2-4563-BE76-ADD4C1E5B35C}.Debug-Single|Any CPU.Build.0 = Debug|Any CPU
		{406734E4-B4D2-4563-BE76-ADD4C1E5B35C}.Debug-Single|Mixed Platforms.ActiveCfg = Debug|Any CPU
		{406734E4-B4D2-4563-BE76-ADD4C1E5B35C}.Debug-Single|Mixed Platforms.Build.0 = Debug|Any CPU
		{406734E4-B4D2-4563-BE76-ADD4C1E5B35C}.Debug-Single|Win32.ActiveCfg = Debug|Any CPU
		{406734E4-B4D2-4563-BE76-ADD4C1E5B35C}.Release|Any CPU.ActiveCfg = Release|Any CPU
		{406734E4-B4D2-4563-BE76-ADD4C1E5B35C}.Release|Any CPU.Build.0 = Release|Any CPU
		{406734E4-B4D2-4563-BE76-ADD4C1E5B35C}.Release|Mixed Platforms.ActiveCfg = Release|Any CPU
		{406734E4-B4D2-4563-BE76-ADD4C1E5B35C}.Release|Mixed Platforms.Build.0 = Release|Any CPU
		{406734E4-B4D2-4563-BE76-ADD4C1E5B35C}.Release|Win32.ActiveCfg = Release|Any CPU
		{406734E4-B4D2-4563-BE76-ADD4C1E5B35C}.Release-Single|Any CPU.ActiveCfg = Release|Any CPU
		{406734E4-B4D2-4563-BE76-ADD4C1E5B35C}.Release-Single|Any CPU.Build.0 = Release|Any CPU
		{406734E4-B4D2-4563-BE76-ADD4C1E5B35C}.Release-Single|Mixed Platforms.ActiveCfg = Release|Any CPU
		{406734E4-B4D2-4563-BE76-ADD4C1E5B35C}.Release-Single|Mixed Platforms.Build.0 = Release|Any CPU
		{406734E4-B4D2-4563-BE76-ADD4C1E5B35C}.Release-Single|Win32.ActiveCfg = Release|Any CPU
		{43C8D103-2C05-4458-B6AA-C5EC5726968B}.Debug|Any CPU.ActiveCfg = Debug|Any CPU
		{43C8D103-2C05-4458-B6AA-C5EC5726968B}.Debug|Any CPU.Build.0 = Debug|Any CPU
		{43C8D103-2C05-4458-B6AA-C5EC5726968B}.Debug|Mixed Platforms.ActiveCfg = Debug|Any CPU
		{43C8D103-2C05-4458-B6AA-C5EC5726968B}.Debug|Mixed Platforms.Build.0 = Debug|Any CPU
		{43C8D103-2C05-4458-B6AA-C5EC5726968B}.Debug|Win32.ActiveCfg = Debug|Any CPU
		{43C8D103-2C05-4458-B6AA-C5EC5726968B}.Debug-Single|Any CPU.ActiveCfg = Debug|Any CPU
		{43C8D103-2C05-4458-B6AA-C5EC5726968B}.Debug-Single|Any CPU.Build.0 = Debug|Any CPU
		{43C8D103-2C05-4458-B6AA-C5EC5726968B}.Debug-Single|Mixed Platforms.ActiveCfg = Debug|Any CPU
		{43C8D103-2C05-4458-B6AA-C5EC5726968B}.Debug-Single|Mixed Platforms.Build.0 = Debug|Any CPU
		{43C8D103-2C05-4458-B6AA-C5EC5726968B}.Debug-Single|Win32.ActiveCfg = Debug|Any CPU
		{43C8D103-2C05-4458-B6AA-C5EC5726968B}.Release|Any CPU.ActiveCfg = Release|Any CPU
		{43C8D103-2C05-4458-B6AA-C5EC5726968B}.Release|Any CPU.Build.0 = Release|Any CPU
		{43C8D103-2C05-4458-B6AA-C5EC5726968B}.Release|Mixed Platforms.ActiveCfg = Release|Any CPU
		{43C8D103-2C05-4458-B6AA-C5EC5726968B}.Release|Mixed Platforms.Build.0 = Release|Any CPU
		{43C8D103-2C05-4458-B6AA-C5EC5726968B}.Release|Win32.ActiveCfg = Release|Any CPU
		{43C8D103-2C05-4458-B6AA-C5EC5726968B}.Release-Single|Any CPU.ActiveCfg = Release|Any CPU
		{43C8D103-2C05-4458-B6AA-C5EC5726968B}.Release-Single|Any CPU.Build.0 = Release|Any CPU
		{43C8D103-2C05-4458-B6AA-C5EC5726968B}.Release-Single|Mixed Platforms.ActiveCfg = Release|Any CPU
		{43C8D103-2C05-4458-B6AA-C5EC5726968B}.Release-Single|Mixed Platforms.Build.0 = Release|Any CPU
		{43C8D103-2C05-4458-B6AA-C5EC5726968B}.Release-Single|Win32.ActiveCfg = Release|Any CPU
	EndGlobalSection
	GlobalSection(SolutionProperties) = preSolution
		HideSolutionNode = FALSE
	EndGlobalSection
EndGlobal
